
Microsoft Visual Studio Solution File, Format Version 12.00
# Visual Studio Version 17
VisualStudioVersion = 17.14.36518.9
MinimumVisualStudioVersion = 10.0.40219.1
Project("{FAE04EC0-301F-11D3-BF4B-00C04F79EFBC}") = "Scheduler_Lib", "Scheduler_Lib\Scheduler_Lib.csproj", "{759DE631-F16D-4A60-9C52-9AA763C328CB}"
EndProject
Project("{FAE04EC0-301F-11D3-BF4B-00C04F79EFBC}") = "Scheduler_Test", "Scheduler_Test\Scheduler_Test.csproj", "{D111DEFF-9D88-430E-A5CA-E2E4BABC2DAC}"
EndProject
Global
	GlobalSection(SolutionConfigurationPlatforms) = preSolution
		Debug|Any CPU = Debug|Any CPU
		Release|Any CPU = Release|Any CPU
	EndGlobalSection
	GlobalSection(ProjectConfigurationPlatforms) = postSolution
		{759DE631-F16D-4A60-9C52-9AA763C328CB}.Debug|Any CPU.ActiveCfg = Debug|Any CPU
		{759DE631-F16D-4A60-9C52-9AA763C328CB}.Debug|Any CPU.Build.0 = Debug|Any CPU
		{759DE631-F16D-4A60-9C52-9AA763C328CB}.Release|Any CPU.ActiveCfg = Release|Any CPU
		{759DE631-F16D-4A60-9C52-9AA763C328CB}.Release|Any CPU.Build.0 = Release|Any CPU
		{D111DEFF-9D88-430E-A5CA-E2E4BABC2DAC}.Debug|Any CPU.ActiveCfg = Debug|Any CPU
		{D111DEFF-9D88-430E-A5CA-E2E4BABC2DAC}.Debug|Any CPU.Build.0 = Debug|Any CPU
		{D111DEFF-9D88-430E-A5CA-E2E4BABC2DAC}.Release|Any CPU.ActiveCfg = Release|Any CPU
		{D111DEFF-9D88-430E-A5CA-E2E4BABC2DAC}.Release|Any CPU.Build.0 = Release|Any CPU
	EndGlobalSection
	GlobalSection(SolutionProperties) = preSolution
		HideSolutionNode = FALSE
	EndGlobalSection
	GlobalSection(ExtensibilityGlobals) = postSolution
		SolutionGuid = {04E5944A-1F1C-48BF-91A3-9FB19949FE88}
	EndGlobalSection
EndGlobal
